// !$*UTF8*$!
{
	archiveVersion = 1;
	classes = {
	};
	objectVersion = 56;
	objects = {

/* Begin PBXBuildFile section */
		DF25C2AE2BF684C70086AA15 /* ToDoListApp.swift in Sources */ = {isa = PBXBuildFile; fileRef = DF25C2AD2BF684C70086AA15 /* ToDoListApp.swift */; };
		DF25C2B22BF684C80086AA15 /* Assets.xcassets in Resources */ = {isa = PBXBuildFile; fileRef = DF25C2B12BF684C80086AA15 /* Assets.xcassets */; };
		DF25C2B52BF684C80086AA15 /* Preview Assets.xcassets in Resources */ = {isa = PBXBuildFile; fileRef = DF25C2B42BF684C80086AA15 /* Preview Assets.xcassets */; };
		DF25C2BD2BF685BA0086AA15 /* ToDoListView.swift in Sources */ = {isa = PBXBuildFile; fileRef = DF25C2BC2BF685BA0086AA15 /* ToDoListView.swift */; };
		DF25C2BF2BF688B90086AA15 /* ToDoListRowView.swift in Sources */ = {isa = PBXBuildFile; fileRef = DF25C2BE2BF688B90086AA15 /* ToDoListRowView.swift */; };
		DF25C2C12BF68E8F0086AA15 /* AddToDoItemView.swift in Sources */ = {isa = PBXBuildFile; fileRef = DF25C2C02BF68E8F0086AA15 /* AddToDoItemView.swift */; };
		DF25C2C52BF697280086AA15 /* ToDoItemModel.swift in Sources */ = {isa = PBXBuildFile; fileRef = DF25C2C42BF697280086AA15 /* ToDoItemModel.swift */; };
		DFA8EC772BF6A5FA0078FAE2 /* ToDoItemViewModel.swift in Sources */ = {isa = PBXBuildFile; fileRef = DFA8EC762BF6A5FA0078FAE2 /* ToDoItemViewModel.swift */; };
/* End PBXBuildFile section */

/* Begin PBXFileReference section */
		DF25C2AA2BF684C70086AA15 /* ToDoList.app */ = {isa = PBXFileReference; explicitFileType = wrapper.application; includeInIndex = 0; path = ToDoList.app; sourceTree = BUILT_PRODUCTS_DIR; };
		DF25C2AD2BF684C70086AA15 /* ToDoListApp.swift */ = {isa = PBXFileReference; lastKnownFileType = sourcecode.swift; path = ToDoListApp.swift; sourceTree = "<group>"; };
		DF25C2B12BF684C80086AA15 /* Assets.xcassets */ = {isa = PBXFileReference; lastKnownFileType = folder.assetcatalog; path = Assets.xcassets; sourceTree = "<group>"; };
		DF25C2B42BF684C80086AA15 /* Preview Assets.xcassets */ = {isa = PBXFileReference; lastKnownFileType = folder.assetcatalog; path = "Preview Assets.xcassets"; sourceTree = "<group>"; };
		DF25C2BC2BF685BA0086AA15 /* ToDoListView.swift */ = {isa = PBXFileReference; lastKnownFileType = sourcecode.swift; path = ToDoListView.swift; sourceTree = "<group>"; };
		DF25C2BE2BF688B90086AA15 /* ToDoListRowView.swift */ = {isa = PBXFileReference; lastKnownFileType = sourcecode.swift; path = ToDoListRowView.swift; sourceTree = "<group>"; };
		DF25C2C02BF68E8F0086AA15 /* AddToDoItemView.swift */ = {isa = PBXFileReference; lastKnownFileType = sourcecode.swift; path = AddToDoItemView.swift; sourceTree = "<group>"; };
		DF25C2C22BF694F80086AA15 /* README.md */ = {isa = PBXFileReference; lastKnownFileType = net.daringfireball.markdown; path = README.md; sourceTree = "<group>"; };
		DF25C2C42BF697280086AA15 /* ToDoItemModel.swift */ = {isa = PBXFileReference; lastKnownFileType = sourcecode.swift; path = ToDoItemModel.swift; sourceTree = "<group>"; };
		DFA8EC762BF6A5FA0078FAE2 /* ToDoItemViewModel.swift */ = {isa = PBXFileReference; lastKnownFileType = sourcecode.swift; path = ToDoItemViewModel.swift; sourceTree = "<group>"; };
/* End PBXFileReference section */

/* Begin PBXFrameworksBuildPhase section */
		DF25C2A72BF684C70086AA15 /* Frameworks */ = {
			isa = PBXFrameworksBuildPhase;
			buildActionMask = 2147483647;
			files = (
			);
			runOnlyForDeploymentPostprocessing = 0;
		};
/* End PBXFrameworksBuildPhase section */

/* Begin PBXGroup section */
		DF25C2A12BF684C70086AA15 = {
			isa = PBXGroup;
			children = (
				DF25C2AC2BF684C70086AA15 /* ToDoList */,
				DF25C2C22BF694F80086AA15 /* README.md */,
				DF25C2AB2BF684C70086AA15 /* Products */,
			);
			sourceTree = "<group>";
		};
		DF25C2AB2BF684C70086AA15 /* Products */ = {
			isa = PBXGroup;
			children = (
				DF25C2AA2BF684C70086AA15 /* ToDoList.app */,
			);
			name = Products;
			sourceTree = "<group>";
		};
		DF25C2AC2BF684C70086AA15 /* ToDoList */ = {
			isa = PBXGroup;
			children = (
				DF25C2B12BF684C80086AA15 /* Assets.xcassets */,
				DF25C2B32BF684C80086AA15 /* Preview Content */,
				DF25C2AD2BF684C70086AA15 /* ToDoListApp.swift */,
				DF25C2C32BF696DD0086AA15 /* Models */,
				DFA8EC752BF6A5E30078FAE2 /* Viewmodels */,
				DF25C2BB2BF685560086AA15 /* Views */,
			);
			path = ToDoList;
			sourceTree = "<group>";
		};
		DF25C2B32BF684C80086AA15 /* Preview Content */ = {
			isa = PBXGroup;
			children = (
				DF25C2B42BF684C80086AA15 /* Preview Assets.xcassets */,
			);
			path = "Preview Content";
			sourceTree = "<group>";
		};
		DF25C2BB2BF685560086AA15 /* Views */ = {
			isa = PBXGroup;
			children = (
				DF25C2BC2BF685BA0086AA15 /* ToDoListView.swift */,
				DF25C2BE2BF688B90086AA15 /* ToDoListRowView.swift */,
				DF25C2C02BF68E8F0086AA15 /* AddToDoItemView.swift */,
			);
			path = Views;
			sourceTree = "<group>";
		};
		DF25C2C32BF696DD0086AA15 /* Models */ = {
			isa = PBXGroup;
			children = (
				DF25C2C42BF697280086AA15 /* ToDoItemModel.swift */,
			);
			path = Models;
			sourceTree = "<group>";
		};
		DFA8EC752BF6A5E30078FAE2 /* Viewmodels */ = {
			isa = PBXGroup;
			children = (
				DFA8EC762BF6A5FA0078FAE2 /* ToDoItemViewModel.swift */,
			);
			path = Viewmodels;
			sourceTree = "<group>";
		};
/* End PBXGroup section */

/* Begin PBXNativeTarget section */
		DF25C2A92BF684C70086AA15 /* ToDoList */ = {
			isa = PBXNativeTarget;
			buildConfigurationList = DF25C2B82BF684C80086AA15 /* Build configuration list for PBXNativeTarget "ToDoList" */;
			buildPhases = (
				DF25C2A62BF684C70086AA15 /* Sources */,
				DF25C2A72BF684C70086AA15 /* Frameworks */,
				DF25C2A82BF684C70086AA15 /* Resources */,
			);
			buildRules = (
			);
			dependencies = (
			);
			name = ToDoList;
			productName = ToDoList;
			productReference = DF25C2AA2BF684C70086AA15 /* ToDoList.app */;
			productType = "com.apple.product-type.application";
		};
/* End PBXNativeTarget section */

/* Begin PBXProject section */
		DF25C2A22BF684C70086AA15 /* Project object */ = {
			isa = PBXProject;
			attributes = {
				BuildIndependentTargetsInParallel = 1;
				LastSwiftUpdateCheck = 1520;
				LastUpgradeCheck = 1520;
				TargetAttributes = {
					DF25C2A92BF684C70086AA15 = {
						CreatedOnToolsVersion = 15.2;
					};
				};
			};
			buildConfigurationList = DF25C2A52BF684C70086AA15 /* Build configuration list for PBXProject "ToDoList" */;
			compatibilityVersion = "Xcode 14.0";
			developmentRegion = en;
			hasScannedForEncodings = 0;
			knownRegions = (
				en,
				Base,
			);
			mainGroup = DF25C2A12BF684C70086AA15;
			productRefGroup = DF25C2AB2BF684C70086AA15 /* Products */;
			projectDirPath = "";
			projectRoot = "";
			targets = (
				DF25C2A92BF684C70086AA15 /* ToDoList */,
			);
		};
/* End PBXProject section */

/* Begin PBXResourcesBuildPhase section */
		DF25C2A82BF684C70086AA15 /* Resources */ = {
			isa = PBXResourcesBuildPhase;
			buildActionMask = 2147483647;
			files = (
				DF25C2B52BF684C80086AA15 /* Preview Assets.xcassets in Resources */,
				DF25C2B22BF684C80086AA15 /* Assets.xcassets in Resources */,
			);
			runOnlyForDeploymentPostprocessing = 0;
		};
/* End PBXResourcesBuildPhase section */

/* Begin PBXSourcesBuildPhase section */
		DF25C2A62BF684C70086AA15 /* Sources */ = {
			isa = PBXSourcesBuildPhase;
			buildActionMask = 2147483647;
			files = (
				DF25C2BF2BF688B90086AA15 /* ToDoListRowView.swift in Sources */,
				DF25C2C12BF68E8F0086AA15 /* AddToDoItemView.swift in Sources */,
				DF25C2C52BF697280086AA15 /* ToDoItemModel.swift in Sources */,
				DF25C2BD2BF685BA0086AA15 /* ToDoListView.swift in Sources */,
				DF25C2AE2BF684C70086AA15 /* ToDoListApp.swift in Sources */,
				DFA8EC772BF6A5FA0078FAE2 /* ToDoItemViewModel.swift in Sources */,
			);
			runOnlyForDeploymentPostprocessing = 0;
		};
/* End PBXSourcesBuildPhase section */

/* Begin XCBuildConfiguration section */
		DF25C2B62BF684C80086AA15 /* Debug */ = {
			isa = XCBuildConfiguration;
			buildSettings = {
				ALWAYS_SEARCH_USER_PATHS = NO;
				ASSETCATALOG_COMPILER_GENERATE_SWIFT_ASSET_SYMBOL_EXTENSIONS = YES;
				CLANG_ANALYZER_NONNULL = YES;
				CLANG_ANALYZER_NUMBER_OBJECT_CONVERSION = YES_AGGRESSIVE;
				CLANG_CXX_LANGUAGE_STANDARD = "gnu++20";
				CLANG_ENABLE_MODULES = YES;
				CLANG_ENABLE_OBJC_ARC = YES;
				CLANG_ENABLE_OBJC_WEAK = YES;
				CLANG_WARN_BLOCK_CAPTURE_AUTORELEASING = YES;
				CLANG_WARN_BOOL_CONVERSION = YES;
				CLANG_WARN_COMMA = YES;
				CLANG_WARN_CONSTANT_CONVERSION = YES;
				CLANG_WARN_DEPRECATED_OBJC_IMPLEMENTATIONS = YES;
				CLANG_WARN_DIRECT_OBJC_ISA_USAGE = YES_ERROR;
				CLANG_WARN_DOCUMENTATION_COMMENTS = YES;
				CLANG_WARN_EMPTY_BODY = YES;
				CLANG_WARN_ENUM_CONVERSION = YES;
				CLANG_WARN_INFINITE_RECURSION = YES;
				CLANG_WARN_INT_CONVERSION = YES;
				CLANG_WARN_NON_LITERAL_NULL_CONVERSION = YES;
				CLANG_WARN_OBJC_IMPLICIT_RETAIN_SELF = YES;
				CLANG_WARN_OBJC_LITERAL_CONVERSION = YES;
				CLANG_WARN_OBJC_ROOT_CLASS = YES_ERROR;
				CLANG_WARN_QUOTED_INCLUDE_IN_FRAMEWORK_HEADER = YES;
				CLANG_WARN_RANGE_LOOP_ANALYSIS = YES;
				CLANG_WARN_STRICT_PROTOTYPES = YES;
				CLANG_WARN_SUSPICIOUS_MOVE = YES;
				CLANG_WARN_UNGUARDED_AVAILABILITY = YES_AGGRESSIVE;
				CLANG_WARN_UNREACHABLE_CODE = YES;
				CLANG_WARN__DUPLICATE_METHOD_MATCH = YES;
				COPY_PHASE_STRIP = NO;
				DEBUG_INFORMATION_FORMAT = dwarf;
				ENABLE_STRICT_OBJC_MSGSEND = YES;
				ENABLE_TESTABILITY = YES;
				ENABLE_USER_SCRIPT_SANDBOXING = YES;
				GCC_C_LANGUAGE_STANDARD = gnu17;
				GCC_DYNAMIC_NO_PIC = NO;
				GCC_NO_COMMON_BLOCKS = YES;
				GCC_OPTIMIZATION_LEVEL = 0;
				GCC_PREPROCESSOR_DEFINITIONS = (
					"DEBUG=1",
					"$(inherited)",
				);
				GCC_WARN_64_TO_32_BIT_CONVERSION = YES;
				GCC_WARN_ABOUT_RETURN_TYPE = YES_ERROR;
				GCC_WARN_UNDECLARED_SELECTOR = YES;
				GCC_WARN_UNINITIALIZED_AUTOS = YES_AGGRESSIVE;
				GCC_WARN_UNUSED_FUNCTION = YES;
				GCC_WARN_UNUSED_VARIABLE = YES;
				IPHONEOS_DEPLOYMENT_TARGET = 17.2;
				LOCALIZATION_PREFERS_STRING_CATALOGS = YES;
				MTL_ENABLE_DEBUG_INFO = INCLUDE_SOURCE;
				MTL_FAST_MATH = YES;
				ONLY_ACTIVE_ARCH = YES;
				SDKROOT = iphoneos;
				SWIFT_ACTIVE_COMPILATION_CONDITIONS = "DEBUG $(inherited)";
				SWIFT_OPTIMIZATION_LEVEL = "-Onone";
			};
			name = Debug;
		};
		DF25C2B72BF684C80086AA15 /* Release */ = {
			isa = XCBuildConfiguration;
			buildSettings = {
				ALWAYS_SEARCH_USER_PATHS = NO;
				ASSETCATALOG_COMPILER_GENERATE_SWIFT_ASSET_SYMBOL_EXTENSIONS = YES;
				CLANG_ANALYZER_NONNULL = YES;
				CLANG_ANALYZER_NUMBER_OBJECT_CONVERSION = YES_AGGRESSIVE;
				CLANG_CXX_LANGUAGE_STANDARD = "gnu++20";
				CLANG_ENABLE_MODULES = YES;
				CLANG_ENABLE_OBJC_ARC = YES;
				CLANG_ENABLE_OBJC_WEAK = YES;
				CLANG_WARN_BLOCK_CAPTURE_AUTORELEASING = YES;
				CLANG_WARN_BOOL_CONVERSION = YES;
				CLANG_WARN_COMMA = YES;
				CLANG_WARN_CONSTANT_CONVERSION = YES;
				CLANG_WARN_DEPRECATED_OBJC_IMPLEMENTATIONS = YES;
				CLANG_WARN_DIRECT_OBJC_ISA_USAGE = YES_ERROR;
				CLANG_WARN_DOCUMENTATION_COMMENTS = YES;
				CLANG_WARN_EMPTY_BODY = YES;
				CLANG_WARN_ENUM_CONVERSION = YES;
				CLANG_WARN_INFINITE_RECURSION = YES;
				CLANG_WARN_INT_CONVERSION = YES;
				CLANG_WARN_NON_LITERAL_NULL_CONVERSION = YES;
				CLANG_WARN_OBJC_IMPLICIT_RETAIN_SELF = YES;
				CLANG_WARN_OBJC_LITERAL_CONVERSION = YES;
				CLANG_WARN_OBJC_ROOT_CLASS = YES_ERROR;
				CLANG_WARN_QUOTED_INCLUDE_IN_FRAMEWORK_HEADER = YES;
				CLANG_WARN_RANGE_LOOP_ANALYSIS = YES;
				CLANG_WARN_STRICT_PROTOTYPES = YES;
				CLANG_WARN_SUSPICIOUS_MOVE = YES;
				CLANG_WARN_UNGUARDED_AVAILABILITY = YES_AGGRESSIVE;
				CLANG_WARN_UNREACHABLE_CODE = YES;
				CLANG_WARN__DUPLICATE_METHOD_MATCH = YES;
				COPY_PHASE_STRIP = NO;
				DEBUG_INFORMATION_FORMAT = "dwarf-with-dsym";
				ENABLE_NS_ASSERTIONS = NO;
				ENABLE_STRICT_OBJC_MSGSEND = YES;
				ENABLE_USER_SCRIPT_SANDBOXING = YES;
				GCC_C_LANGUAGE_STANDARD = gnu17;
				GCC_NO_COMMON_BLOCKS = YES;
				GCC_WARN_64_TO_32_BIT_CONVERSION = YES;
				GCC_WARN_ABOUT_RETURN_TYPE = YES_ERROR;
				GCC_WARN_UNDECLARED_SELECTOR = YES;
				GCC_WARN_UNINITIALIZED_AUTOS = YES_AGGRESSIVE;
				GCC_WARN_UNUSED_FUNCTION = YES;
				GCC_WARN_UNUSED_VARIABLE = YES;
				IPHONEOS_DEPLOYMENT_TARGET = 17.2;
				LOCALIZATION_PREFERS_STRING_CATALOGS = YES;
				MTL_ENABLE_DEBUG_INFO = NO;
				MTL_FAST_MATH = YES;
				SDKROOT = iphoneos;
				SWIFT_COMPILATION_MODE = wholemodule;
				VALIDATE_PRODUCT = YES;
			};
			name = Release;
		};
		DF25C2B92BF684C80086AA15 /* Debug */ = {
			isa = XCBuildConfiguration;
			buildSettings = {
				ASSETCATALOG_COMPILER_APPICON_NAME = AppIcon;
				ASSETCATALOG_COMPILER_GLOBAL_ACCENT_COLOR_NAME = AccentColor;
				CODE_SIGN_STYLE = Automatic;
				CURRENT_PROJECT_VERSION = 1;
				DEVELOPMENT_ASSET_PATHS = "\"ToDoList/Preview Content\"";
				ENABLE_PREVIEWS = YES;
				GENERATE_INFOPLIST_FILE = YES;
				INFOPLIST_KEY_UIApplicationSceneManifest_Generation = YES;
				INFOPLIST_KEY_UIApplicationSupportsIndirectInputEvents = YES;
				INFOPLIST_KEY_UILaunchScreen_Generation = YES;
				INFOPLIST_KEY_UISupportedInterfaceOrientations_iPad = "UIInterfaceOrientationPortrait UIInterfaceOrientationPortraitUpsideDown UIInterfaceOrientationLandscapeLeft UIInterfaceOrientationLandscapeRight";
				INFOPLIST_KEY_UISupportedInterfaceOrientations_iPhone = "UIInterfaceOrientationPortrait UIInterfaceOrientationLandscapeLeft UIInterfaceOrientationLandscapeRight";
				LD_RUNPATH_SEARCH_PATHS = (
					"$(inherited)",
					"@executable_path/Frameworks",
				);
				MARKETING_VERSION = 1.0;
				PRODUCT_BUNDLE_IDENTIFIER = me.ozmus.enes.ToDoList;
				PRODUCT_NAME = "$(TARGET_NAME)";
				SWIFT_EMIT_LOC_STRINGS = YES;
				SWIFT_VERSION = 5.0;
				TARGETED_DEVICE_FAMILY = "1,2";
			};
			name = Debug;
		};
		DF25C2BA2BF684C80086AA15 /* Release */ = {
			isa = XCBuildConfiguration;
			buildSettings = {
				ASSETCATALOG_COMPILER_APPICON_NAME = AppIcon;
				ASSETCATALOG_COMPILER_GLOBAL_ACCENT_COLOR_NAME = AccentColor;
				CODE_SIGN_STYLE = Automatic;
				CURRENT_PROJECT_VERSION = 1;
				DEVELOPMENT_ASSET_PATHS = "\"ToDoList/Preview Content\"";
				ENABLE_PREVIEWS = YES;
				GENERATE_INFOPLIST_FILE = YES;
				INFOPLIST_KEY_UIApplicationSceneManifest_Generation = YES;
				INFOPLIST_KEY_UIApplicationSupportsIndirectInputEvents = YES;
				INFOPLIST_KEY_UILaunchScreen_Generation = YES;
				INFOPLIST_KEY_UISupportedInterfaceOrientations_iPad = "UIInterfaceOrientationPortrait UIInterfaceOrientationPortraitUpsideDown UIInterfaceOrientationLandscapeLeft UIInterfaceOrientationLandscapeRight";
				INFOPLIST_KEY_UISupportedInterfaceOrientations_iPhone = "UIInterfaceOrientationPortrait UIInterfaceOrientationLandscapeLeft UIInterfaceOrientationLandscapeRight";
				LD_RUNPATH_SEARCH_PATHS = (
					"$(inherited)",
					"@executable_path/Frameworks",
				);
				MARKETING_VERSION = 1.0;
				PRODUCT_BUNDLE_IDENTIFIER = me.ozmus.enes.ToDoList;
				PRODUCT_NAME = "$(TARGET_NAME)";
				SWIFT_EMIT_LOC_STRINGS = YES;
				SWIFT_VERSION = 5.0;
				TARGETED_DEVICE_FAMILY = "1,2";
			};
			name = Release;
		};
/* End XCBuildConfiguration section */

/* Begin XCConfigurationList section */
		DF25C2A52BF684C70086AA15 /* Build configuration list for PBXProject "ToDoList" */ = {
			isa = XCConfigurationList;
			buildConfigurations = (
				DF25C2B62BF684C80086AA15 /* Debug */,
				DF25C2B72BF684C80086AA15 /* Release */,
			);
			defaultConfigurationIsVisible = 0;
			defaultConfigurationName = Release;
		};
		DF25C2B82BF684C80086AA15 /* Build configuration list for PBXNativeTarget "ToDoList" */ = {
			isa = XCConfigurationList;
			buildConfigurations = (
				DF25C2B92BF684C80086AA15 /* Debug */,
				DF25C2BA2BF684C80086AA15 /* Release */,
			);
			defaultConfigurationIsVisible = 0;
			defaultConfigurationName = Release;
		};
/* End XCConfigurationList section */
	};
	rootObject = DF25C2A22BF684C70086AA15 /* Project object */;
}
